
Microsoft Visual Studio Solution File, Format Version 12.00
# Visual Studio 15
VisualStudioVersion = 15.0.28307.168
MinimumVisualStudioVersion = 10.0.40219.1
Project("{FAE04EC0-301F-11D3-BF4B-00C04F79EFBC}") = "NG.WebAPI", "NG.WebAPI\NG.WebAPI.csproj", "{FBD6A320-972D-415E-8AC0-4B376A692F2D}"
EndProject
Project("{FAE04EC0-301F-11D3-BF4B-00C04F79EFBC}") = "NG.Data", "NG.Data\NG.Data.csproj", "{22CC7F78-32DC-49EF-8A98-2CF480AFBBF8}"
EndProject
Project("{FAE04EC0-301F-11D3-BF4B-00C04F79EFBC}") = "NG.Core", "NG.Core\NG.Core.csproj", "{95FE984C-9F1E-40EB-A3FC-A74DB256429B}"
EndProject
Global
	GlobalSection(SolutionConfigurationPlatforms) = preSolution
		Debug|Any CPU = Debug|Any CPU
		Release|Any CPU = Release|Any CPU
	EndGlobalSection
	GlobalSection(ProjectConfigurationPlatforms) = postSolution
		{FBD6A320-972D-415E-8AC0-4B376A692F2D}.Debug|Any CPU.ActiveCfg = Debug|Any CPU
		{FBD6A320-972D-415E-8AC0-4B376A692F2D}.Debug|Any CPU.Build.0 = Debug|Any CPU
		{FBD6A320-972D-415E-8AC0-4B376A692F2D}.Release|Any CPU.ActiveCfg = Release|Any CPU
		{FBD6A320-972D-415E-8AC0-4B376A692F2D}.Release|Any CPU.Build.0 = Release|Any CPU
		{22CC7F78-32DC-49EF-8A98-2CF480AFBBF8}.Debug|Any CPU.ActiveCfg = Debug|Any CPU
		{22CC7F78-32DC-49EF-8A98-2CF480AFBBF8}.Debug|Any CPU.Build.0 = Debug|Any CPU
		{22CC7F78-32DC-49EF-8A98-2CF480AFBBF8}.Release|Any CPU.ActiveCfg = Release|Any CPU
		{22CC7F78-32DC-49EF-8A98-2CF480AFBBF8}.Release|Any CPU.Build.0 = Release|Any CPU
		{95FE984C-9F1E-40EB-A3FC-A74DB256429B}.Debug|Any CPU.ActiveCfg = Debug|Any CPU
		{95FE984C-9F1E-40EB-A3FC-A74DB256429B}.Debug|Any CPU.Build.0 = Debug|Any CPU
		{95FE984C-9F1E-40EB-A3FC-A74DB256429B}.Release|Any CPU.ActiveCfg = Release|Any CPU
		{95FE984C-9F1E-40EB-A3FC-A74DB256429B}.Release|Any CPU.Build.0 = Release|Any CPU
	EndGlobalSection
	GlobalSection(SolutionProperties) = preSolution
		HideSolutionNode = FALSE
	EndGlobalSection
	GlobalSection(ExtensibilityGlobals) = postSolution
		SolutionGuid = {A1F63351-2838-4E35-85C6-B6EFF83F3661}
	EndGlobalSection
EndGlobal
